# THIS IS AN AUTOGENERATED FILE. DO NOT EDIT THIS FILE DIRECTLY.
# yarn lockfile v1


nerv-shared@1.2.15:
  version "1.2.15"
  resolved "https://registry.npmjs.org/nerv-shared/-/nerv-shared-1.2.15.tgz#9e7c7f3e32447fe8ae40efdd2ddc85b395797e77"

nerv-utils@1.2.15:
  version "1.2.15"
  resolved "https://registry.npmjs.org/nerv-utils/-/nerv-utils-1.2.15.tgz#e6db2dc4f9ee1b7a4030920c19ebdd6ea9d86ae9"

nervjs@^1.2.4:
  version "1.2.15"
  resolved "https://registry.npmjs.org/nervjs/-/nervjs-1.2.15.tgz#942e3f84d574c2e0394ed912bd4ce51c32a647a2"
  dependencies:
    nerv-shared "1.2.15"
    nerv-utils "1.2.15"
